
Microsoft Visual Studio Solution File, Format Version 12.00
# Visual Studio 15
VisualStudioVersion = 15.0.28010.2048
MinimumVisualStudioVersion = 10.0.40219.1
Project("{FAE04EC0-301F-11D3-BF4B-00C04F79EFBC}") = "Pharmafast", "Pharmafast\Pharmafast.csproj", "{373EDBCA-17C2-4C75-BE2D-9619CE9CA3F4}"
EndProject
Global
	GlobalSection(SolutionConfigurationPlatforms) = preSolution
		Debug|Any CPU = Debug|Any CPU
		Release|Any CPU = Release|Any CPU
	EndGlobalSection
	GlobalSection(ProjectConfigurationPlatforms) = postSolution
		{373EDBCA-17C2-4C75-BE2D-9619CE9CA3F4}.Debug|Any CPU.ActiveCfg = Debug|Any CPU
		{373EDBCA-17C2-4C75-BE2D-9619CE9CA3F4}.Debug|Any CPU.Build.0 = Debug|Any CPU
		{373EDBCA-17C2-4C75-BE2D-9619CE9CA3F4}.Release|Any CPU.ActiveCfg = Release|Any CPU
		{373EDBCA-17C2-4C75-BE2D-9619CE9CA3F4}.Release|Any CPU.Build.0 = Release|Any CPU
	EndGlobalSection
	GlobalSection(SolutionProperties) = preSolution
		HideSolutionNode = FALSE
	EndGlobalSection
	GlobalSection(ExtensibilityGlobals) = postSolution
		SolutionGuid = {058AE31D-1F3B-46E4-842E-79390E97937E}
	EndGlobalSection
EndGlobal
